
Microsoft Visual Studio Solution File, Format Version 12.00
# Visual Studio Version 16
VisualStudioVersion = 16.0.808.3
MinimumVisualStudioVersion = 10.0.40219.1
Project("{9A19103F-16F7-4668-BE54-9A1E7A4F7556}") = "CookingSystem", "CookingSystem\CookingSystem.csproj", "{81FA3FF0-D4F1-4B8C-9CE0-A5017CE6DC62}"
EndProject
Project("{9A19103F-16F7-4668-BE54-9A1E7A4F7556}") = "CookingSystem.Data", "Data\CookingSystem.Data\CookingSystem.Data.csproj", "{AE7AA414-14C3-44F4-A35C-31F8FB47A5B0}"
EndProject
Project("{2150E333-8FDC-42A3-9474-1A3956D46DE8}") = "Data", "Data", "{00BE02F6-26EC-485D-9792-63B02DB13BB0}"
EndProject
Project("{2150E333-8FDC-42A3-9474-1A3956D46DE8}") = "Services", "Services", "{E5702C7A-C530-4AEC-9081-8BBCE7F7AF6A}"
EndProject
Project("{2150E333-8FDC-42A3-9474-1A3956D46DE8}") = "Web", "Web", "{05E7292F-82F0-468F-8FAB-5ED16FEA3BC5}"
EndProject
Project("{9A19103F-16F7-4668-BE54-9A1E7A4F7556}") = "CookingSystem.Services", "Services\CookingSystem.Services\CookingSystem.Services.csproj", "{313D863B-35CB-4699-B01C-1108387F0A8B}"
EndProject
Project("{9A19103F-16F7-4668-BE54-9A1E7A4F7556}") = "CookingSystem.Data.Models", "Data\CookingSystem.Data.Models\CookingSystem.Data.Models.csproj", "{0A589558-85B4-4DA5-895C-7E2B8B6F6DE8}"
EndProject
Project("{9A19103F-16F7-4668-BE54-9A1E7A4F7556}") = "CookingSystem.Web", "Web\CookingSystem.Web\CookingSystem.Web.csproj", "{28FC79AD-C4BB-4676-8098-78012D9960DD}"
EndProject
Project("{FAE04EC0-301F-11D3-BF4B-00C04F79EFBC}") = "CookingSystem.Services.Models", "Services\CookingSystem.Services.Models\CookingSystem.Services.Models.csproj", "{41F9F995-FB01-4358-A7B3-8B7A8FBBAFAF}"
EndProject
Global
	GlobalSection(SolutionConfigurationPlatforms) = preSolution
		Debug|Any CPU = Debug|Any CPU
		Release|Any CPU = Release|Any CPU
	EndGlobalSection
	GlobalSection(ProjectConfigurationPlatforms) = postSolution
		{81FA3FF0-D4F1-4B8C-9CE0-A5017CE6DC62}.Debug|Any CPU.ActiveCfg = Debug|Any CPU
		{81FA3FF0-D4F1-4B8C-9CE0-A5017CE6DC62}.Debug|Any CPU.Build.0 = Debug|Any CPU
		{81FA3FF0-D4F1-4B8C-9CE0-A5017CE6DC62}.Release|Any CPU.ActiveCfg = Release|Any CPU
		{81FA3FF0-D4F1-4B8C-9CE0-A5017CE6DC62}.Release|Any CPU.Build.0 = Release|Any CPU
		{AE7AA414-14C3-44F4-A35C-31F8FB47A5B0}.Debug|Any CPU.ActiveCfg = Debug|Any CPU
		{AE7AA414-14C3-44F4-A35C-31F8FB47A5B0}.Debug|Any CPU.Build.0 = Debug|Any CPU
		{AE7AA414-14C3-44F4-A35C-31F8FB47A5B0}.Release|Any CPU.ActiveCfg = Release|Any CPU
		{AE7AA414-14C3-44F4-A35C-31F8FB47A5B0}.Release|Any CPU.Build.0 = Release|Any CPU
		{313D863B-35CB-4699-B01C-1108387F0A8B}.Debug|Any CPU.ActiveCfg = Debug|Any CPU
		{313D863B-35CB-4699-B01C-1108387F0A8B}.Debug|Any CPU.Build.0 = Debug|Any CPU
		{313D863B-35CB-4699-B01C-1108387F0A8B}.Release|Any CPU.ActiveCfg = Release|Any CPU
		{313D863B-35CB-4699-B01C-1108387F0A8B}.Release|Any CPU.Build.0 = Release|Any CPU
		{0A589558-85B4-4DA5-895C-7E2B8B6F6DE8}.Debug|Any CPU.ActiveCfg = Debug|Any CPU
		{0A589558-85B4-4DA5-895C-7E2B8B6F6DE8}.Debug|Any CPU.Build.0 = Debug|Any CPU
		{0A589558-85B4-4DA5-895C-7E2B8B6F6DE8}.Release|Any CPU.ActiveCfg = Release|Any CPU
		{0A589558-85B4-4DA5-895C-7E2B8B6F6DE8}.Release|Any CPU.Build.0 = Release|Any CPU
		{28FC79AD-C4BB-4676-8098-78012D9960DD}.Debug|Any CPU.ActiveCfg = Debug|Any CPU
		{28FC79AD-C4BB-4676-8098-78012D9960DD}.Debug|Any CPU.Build.0 = Debug|Any CPU
		{28FC79AD-C4BB-4676-8098-78012D9960DD}.Release|Any CPU.ActiveCfg = Release|Any CPU
		{28FC79AD-C4BB-4676-8098-78012D9960DD}.Release|Any CPU.Build.0 = Release|Any CPU
		{41F9F995-FB01-4358-A7B3-8B7A8FBBAFAF}.Debug|Any CPU.ActiveCfg = Debug|Any CPU
		{41F9F995-FB01-4358-A7B3-8B7A8FBBAFAF}.Debug|Any CPU.Build.0 = Debug|Any CPU
		{41F9F995-FB01-4358-A7B3-8B7A8FBBAFAF}.Release|Any CPU.ActiveCfg = Release|Any CPU
		{41F9F995-FB01-4358-A7B3-8B7A8FBBAFAF}.Release|Any CPU.Build.0 = Release|Any CPU
	EndGlobalSection
	GlobalSection(SolutionProperties) = preSolution
		HideSolutionNode = FALSE
	EndGlobalSection
	GlobalSection(NestedProjects) = preSolution
		{AE7AA414-14C3-44F4-A35C-31F8FB47A5B0} = {00BE02F6-26EC-485D-9792-63B02DB13BB0}
		{313D863B-35CB-4699-B01C-1108387F0A8B} = {E5702C7A-C530-4AEC-9081-8BBCE7F7AF6A}
		{0A589558-85B4-4DA5-895C-7E2B8B6F6DE8} = {00BE02F6-26EC-485D-9792-63B02DB13BB0}
		{28FC79AD-C4BB-4676-8098-78012D9960DD} = {05E7292F-82F0-468F-8FAB-5ED16FEA3BC5}
		{41F9F995-FB01-4358-A7B3-8B7A8FBBAFAF} = {E5702C7A-C530-4AEC-9081-8BBCE7F7AF6A}
	EndGlobalSection
	GlobalSection(ExtensibilityGlobals) = postSolution
		SolutionGuid = {EF9E1F97-3994-4E9E-9B6F-87B1BC5499D0}
	EndGlobalSection
EndGlobal
